
Microsoft Visual Studio Solution File, Format Version 12.00
# Visual Studio Version 16
VisualStudioVersion = 16.0.30011.22
MinimumVisualStudioVersion = 10.0.40219.1
Project("{FAE04EC0-301F-11D3-BF4B-00C04F79EFBC}") = "LoginAssignment", "LoginAssignment\LoginAssignment.csproj", "{729432CF-9BC9-4525-B804-250114B301B1}"
EndProject
Project("{FAE04EC0-301F-11D3-BF4B-00C04F79EFBC}") = "LoginConsole", "LoginConsole\LoginConsole.csproj", "{091B5A8A-48C9-499D-8EA7-71DE66F8D92E}"
EndProject
Global
	GlobalSection(SolutionConfigurationPlatforms) = preSolution
		Debug|Any CPU = Debug|Any CPU
		Release|Any CPU = Release|Any CPU
	EndGlobalSection
	GlobalSection(ProjectConfigurationPlatforms) = postSolution
		{729432CF-9BC9-4525-B804-250114B301B1}.Debug|Any CPU.ActiveCfg = Debug|Any CPU
		{729432CF-9BC9-4525-B804-250114B301B1}.Debug|Any CPU.Build.0 = Debug|Any CPU
		{729432CF-9BC9-4525-B804-250114B301B1}.Release|Any CPU.ActiveCfg = Release|Any CPU
		{729432CF-9BC9-4525-B804-250114B301B1}.Release|Any CPU.Build.0 = Release|Any CPU
		{091B5A8A-48C9-499D-8EA7-71DE66F8D92E}.Debug|Any CPU.ActiveCfg = Debug|Any CPU
		{091B5A8A-48C9-499D-8EA7-71DE66F8D92E}.Debug|Any CPU.Build.0 = Debug|Any CPU
		{091B5A8A-48C9-499D-8EA7-71DE66F8D92E}.Release|Any CPU.ActiveCfg = Release|Any CPU
		{091B5A8A-48C9-499D-8EA7-71DE66F8D92E}.Release|Any CPU.Build.0 = Release|Any CPU
	EndGlobalSection
	GlobalSection(SolutionProperties) = preSolution
		HideSolutionNode = FALSE
	EndGlobalSection
	GlobalSection(ExtensibilityGlobals) = postSolution
		SolutionGuid = {0A589E30-BD9D-4A4D-8CA4-B1C1C5029623}
	EndGlobalSection
EndGlobal
